// !$*UTF8*$!
{
	archiveVersion = 1;
	classes = {
	};
	objectVersion = 46;
	objects = {

/* Begin PBXBuildFile section */
		4B69B7A11CE1E89700E832DE /* main.m in Sources */ = {isa = PBXBuildFile; fileRef = 4B69B7A01CE1E89700E832DE /* main.m */; };
		4B69B7A41CE1E89700E832DE /* AppDelegate.m in Sources */ = {isa = PBXBuildFile; fileRef = 4B69B7A31CE1E89700E832DE /* AppDelegate.m */; };
		4B69B7A61CE1E89700E832DE /* Assets.xcassets in Resources */ = {isa = PBXBuildFile; fileRef = 4B69B7A51CE1E89700E832DE /* Assets.xcassets */; };
		4B69B7A91CE1E89700E832DE /* LaunchScreen.storyboard in Resources */ = {isa = PBXBuildFile; fileRef = 4B69B7A71CE1E89700E832DE /* LaunchScreen.storyboard */; };
		4B69B8101CE1E92800E832DE /* ViewController.m in Sources */ = {isa = PBXBuildFile; fileRef = 4B69B7B21CE1E92800E832DE /* ViewController.m */; };
		4B69B8111CE1E92800E832DE /* ViewController.xib in Resources */ = {isa = PBXBuildFile; fileRef = 4B69B7B31CE1E92800E832DE /* ViewController.xib */; };
		4B69B8121CE1E92800E832DE /* BBRSACryptor.m in Sources */ = {isa = PBXBuildFile; fileRef = 4B69B7B71CE1E92800E832DE /* BBRSACryptor.m */; };
		4B69B8131CE1E92800E832DE /* BBRSACryptor+XHAdd.m in Sources */ = {isa = PBXBuildFile; fileRef = 4B69B7B91CE1E92800E832DE /* BBRSACryptor+XHAdd.m */; };
		4B69B8141CE1E92800E832DE /* GTMBase64.m in Sources */ = {isa = PBXBuildFile; fileRef = 4B69B7BC1CE1E92800E832DE /* GTMBase64.m */; };
		4B69B8151CE1E92800E832DE /* LICENSE in Resources */ = {isa = PBXBuildFile; fileRef = 4B69B7C01CE1E92800E832DE /* LICENSE */; };
		4B69B8161CE1E92800E832DE /* libcrypto.a in Frameworks */ = {isa = PBXBuildFile; fileRef = 4B69B80E1CE1E92800E832DE /* libcrypto.a */; };
		4B69B8171CE1E92800E832DE /* libssl.a in Frameworks */ = {isa = PBXBuildFile; fileRef = 4B69B80F1CE1E92800E832DE /* libssl.a */; };
/* End PBXBuildFile section */

/* Begin PBXFileReference section */
		4B69B79C1CE1E89700E832DE /* BBRSACryptorXHAdd.app */ = {isa = PBXFileReference; explicitFileType = wrapper.application; includeInIndex = 0; path = BBRSACryptorXHAdd.app; sourceTree = BUILT_PRODUCTS_DIR; };
		4B69B7A01CE1E89700E832DE /* main.m */ = {isa = PBXFileReference; lastKnownFileType = sourcecode.c.objc; path = main.m; sourceTree = "<group>"; };
		4B69B7A21CE1E89700E832DE /* AppDelegate.h */ = {isa = PBXFileReference; lastKnownFileType = sourcecode.c.h; path = AppDelegate.h; sourceTree = "<group>"; };
		4B69B7A31CE1E89700E832DE /* AppDelegate.m */ = {isa = PBXFileReference; lastKnownFileType = sourcecode.c.objc; path = AppDelegate.m; sourceTree = "<group>"; };
		4B69B7A51CE1E89700E832DE /* Assets.xcassets */ = {isa = PBXFileReference; lastKnownFileType = folder.assetcatalog; path = Assets.xcassets; sourceTree = "<group>"; };
		4B69B7A81CE1E89700E832DE /* Base */ = {isa = PBXFileReference; lastKnownFileType = file.storyboard; name = Base; path = Base.lproj/LaunchScreen.storyboard; sourceTree = "<group>"; };
		4B69B7AA1CE1E89700E832DE /* Info.plist */ = {isa = PBXFileReference; lastKnownFileType = text.plist.xml; path = Info.plist; sourceTree = "<group>"; };
		4B69B7B11CE1E92800E832DE /* ViewController.h */ = {isa = PBXFileReference; fileEncoding = 4; lastKnownFileType = sourcecode.c.h; path = ViewController.h; sourceTree = "<group>"; };
		4B69B7B21CE1E92800E832DE /* ViewController.m */ = {isa = PBXFileReference; fileEncoding = 4; lastKnownFileType = sourcecode.c.objc; path = ViewController.m; sourceTree = "<group>"; };
		4B69B7B31CE1E92800E832DE /* ViewController.xib */ = {isa = PBXFileReference; fileEncoding = 4; lastKnownFileType = file.xib; path = ViewController.xib; sourceTree = "<group>"; };
		4B69B7B61CE1E92800E832DE /* BBRSACryptor.h */ = {isa = PBXFileReference; fileEncoding = 4; lastKnownFileType = sourcecode.c.h; path = BBRSACryptor.h; sourceTree = "<group>"; };
		4B69B7B71CE1E92800E832DE /* BBRSACryptor.m */ = {isa = PBXFileReference; fileEncoding = 4; lastKnownFileType = sourcecode.c.objc; path = BBRSACryptor.m; sourceTree = "<group>"; };
		4B69B7B81CE1E92800E832DE /* BBRSACryptor+XHAdd.h */ = {isa = PBXFileReference; fileEncoding = 4; lastKnownFileType = sourcecode.c.h; path = "BBRSACryptor+XHAdd.h"; sourceTree = "<group>"; };
		4B69B7B91CE1E92800E832DE /* BBRSACryptor+XHAdd.m */ = {isa = PBXFileReference; fileEncoding = 4; lastKnownFileType = sourcecode.c.objc; path = "BBRSACryptor+XHAdd.m"; sourceTree = "<group>"; };
		4B69B7BB1CE1E92800E832DE /* GTMBase64.h */ = {isa = PBXFileReference; fileEncoding = 4; lastKnownFileType = sourcecode.c.h; path = GTMBase64.h; sourceTree = "<group>"; };
		4B69B7BC1CE1E92800E832DE /* GTMBase64.m */ = {isa = PBXFileReference; fileEncoding = 4; lastKnownFileType = sourcecode.c.objc; path = GTMBase64.m; sourceTree = "<group>"; };
		4B69B7BD1CE1E92800E832DE /* GTMDefines.h */ = {isa = PBXFileReference; fileEncoding = 4; lastKnownFileType = sourcecode.c.h; path = GTMDefines.h; sourceTree = "<group>"; };
		4B69B7C01CE1E92800E832DE /* LICENSE */ = {isa = PBXFileReference; fileEncoding = 4; lastKnownFileType = text; path = LICENSE; sourceTree = "<group>"; };
		4B69B7C21CE1E92800E832DE /* aes.h */ = {isa = PBXFileReference; fileEncoding = 4; lastKnownFileType = sourcecode.c.h; path = aes.h; sourceTree = "<group>"; };
		4B69B7C31CE1E92800E832DE /* asn1.h */ = {isa = PBXFileReference; fileEncoding = 4; lastKnownFileType = sourcecode.c.h; path = asn1.h; sourceTree = "<group>"; };
		4B69B7C41CE1E92800E832DE /* asn1_mac.h */ = {isa = PBXFileReference; fileEncoding = 4; lastKnownFileType = sourcecode.c.h; path = asn1_mac.h; sourceTree = "<group>"; };
		4B69B7C51CE1E92800E832DE /* asn1t.h */ = {isa = PBXFileReference; fileEncoding = 4; lastKnownFileType = sourcecode.c.h; path = asn1t.h; sourceTree = "<group>"; };
		4B69B7C61CE1E92800E832DE /* bio.h */ = {isa = PBXFileReference; fileEncoding = 4; lastKnownFileType = sourcecode.c.h; path = bio.h; sourceTree = "<group>"; };
		4B69B7C71CE1E92800E832DE /* blowfish.h */ = {isa = PBXFileReference; fileEncoding = 4; lastKnownFileType = sourcecode.c.h; path = blowfish.h; sourceTree = "<group>"; };
		4B69B7C81CE1E92800E832DE /* bn.h */ = {isa = PBXFileReference; fileEncoding = 4; lastKnownFileType = sourcecode.c.h; path = bn.h; sourceTree = "<group>"; };
		4B69B7C91CE1E92800E832DE /* buffer.h */ = {isa = PBXFileReference; fileEncoding = 4; lastKnownFileType = sourcecode.c.h; path = buffer.h; sourceTree = "<group>"; };
		4B69B7CA1CE1E92800E832DE /* camellia.h */ = {isa = PBXFileReference; fileEncoding = 4; lastKnownFileType = sourcecode.c.h; path = camellia.h; sourceTree = "<group>"; };
		4B69B7CB1CE1E92800E832DE /* cast.h */ = {isa = PBXFileReference; fileEncoding = 4; lastKnownFileType = sourcecode.c.h; path = cast.h; sourceTree = "<group>"; };
		4B69B7CC1CE1E92800E832DE /* cmac.h */ = {isa = PBXFileReference; fileEncoding = 4; lastKnownFileType = sourcecode.c.h; path = cmac.h; sourceTree = "<group>"; };
		4B69B7CD1CE1E92800E832DE /* cms.h */ = {isa = PBXFileReference; fileEncoding = 4; lastKnownFileType = sourcecode.c.h; path = cms.h; sourceTree = "<group>"; };
		4B69B7CE1CE1E92800E832DE /* comp.h */ = {isa = PBXFileReference; fileEncoding = 4; lastKnownFileType = sourcecode.c.h; path = comp.h; sourceTree = "<group>"; };
		4B69B7CF1CE1E92800E832DE /* conf.h */ = {isa = PBXFileReference; fileEncoding = 4; lastKnownFileType = sourcecode.c.h; path = conf.h; sourceTree = "<group>"; };
		4B69B7D01CE1E92800E832DE /* conf_api.h */ = {isa = PBXFileReference; fileEncoding = 4; lastKnownFileType = sourcecode.c.h; path = conf_api.h; sourceTree = "<group>"; };
		4B69B7D11CE1E92800E832DE /* crypto.h */ = {isa = PBXFileReference; fileEncoding = 4; lastKnownFileType = sourcecode.c.h; path = crypto.h; sourceTree = "<group>"; };
		4B69B7D21CE1E92800E832DE /* des.h */ = {isa = PBXFileReference; fileEncoding = 4; lastKnownFileType = sourcecode.c.h; path = des.h; sourceTree = "<group>"; };
		4B69B7D31CE1E92800E832DE /* des_old.h */ = {isa = PBXFileReference; fileEncoding = 4; lastKnownFileType = sourcecode.c.h; path = des_old.h; sourceTree = "<group>"; };
		4B69B7D41CE1E92800E832DE /* dh.h */ = {isa = PBXFileReference; fileEncoding = 4; lastKnownFileType = sourcecode.c.h; path = dh.h; sourceTree = "<group>"; };
		4B69B7D51CE1E92800E832DE /* dsa.h */ = {isa = PBXFileReference; fileEncoding = 4; lastKnownFileType = sourcecode.c.h; path = dsa.h; sourceTree = "<group>"; };
		4B69B7D61CE1E92800E832DE /* dso.h */ = {isa = PBXFileReference; fileEncoding = 4; lastKnownFileType = sourcecode.c.h; path = dso.h; sourceTree = "<group>"; };
		4B69B7D71CE1E92800E832DE /* dtls1.h */ = {isa = PBXFileReference; fileEncoding = 4; lastKnownFileType = sourcecode.c.h; path = dtls1.h; sourceTree = "<group>"; };
		4B69B7D81CE1E92800E832DE /* e_os2.h */ = {isa = PBXFileReference; fileEncoding = 4; lastKnownFileType = sourcecode.c.h; path = e_os2.h; sourceTree = "<group>"; };
		4B69B7D91CE1E92800E832DE /* ebcdic.h */ = {isa = PBXFileReference; fileEncoding = 4; lastKnownFileType = sourcecode.c.h; path = ebcdic.h; sourceTree = "<group>"; };
		4B69B7DA1CE1E92800E832DE /* ec.h */ = {isa = PBXFileReference; fileEncoding = 4; lastKnownFileType = sourcecode.c.h; path = ec.h; sourceTree = "<group>"; };
		4B69B7DB1CE1E92800E832DE /* ecdh.h */ = {isa = PBXFileReference; fileEncoding = 4; lastKnownFileType = sourcecode.c.h; path = ecdh.h; sourceTree = "<group>"; };
		4B69B7DC1CE1E92800E832DE /* ecdsa.h */ = {isa = PBXFileReference; fileEncoding = 4; lastKnownFileType = sourcecode.c.h; path = ecdsa.h; sourceTree = "<group>"; };
		4B69B7DD1CE1E92800E832DE /* engine.h */ = {isa = PBXFileReference; fileEncoding = 4; lastKnownFileType = sourcecode.c.h; path = engine.h; sourceTree = "<group>"; };
		4B69B7DE1CE1E92800E832DE /* err.h */ = {isa = PBXFileReference; fileEncoding = 4; lastKnownFileType = sourcecode.c.h; path = err.h; sourceTree = "<group>"; };
		4B69B7DF1CE1E92800E832DE /* evp.h */ = {isa = PBXFileReference; fileEncoding = 4; lastKnownFileType = sourcecode.c.h; path = evp.h; sourceTree = "<group>"; };
		4B69B7E01CE1E92800E832DE /* hmac.h */ = {isa = PBXFileReference; fileEncoding = 4; lastKnownFileType = sourcecode.c.h; path = hmac.h; sourceTree = "<group>"; };
		4B69B7E11CE1E92800E832DE /* idea.h */ = {isa = PBXFileReference; fileEncoding = 4; lastKnownFileType = sourcecode.c.h; path = idea.h; sourceTree = "<group>"; };
		4B69B7E21CE1E92800E832DE /* krb5_asn.h */ = {isa = PBXFileReference; fileEncoding = 4; lastKnownFileType = sourcecode.c.h; path = krb5_asn.h; sourceTree = "<group>"; };
		4B69B7E31CE1E92800E832DE /* kssl.h */ = {isa = PBXFileReference; fileEncoding = 4; lastKnownFileType = sourcecode.c.h; path = kssl.h; sourceTree = "<group>"; };
		4B69B7E41CE1E92800E832DE /* lhash.h */ = {isa = PBXFileReference; fileEncoding = 4; lastKnownFileType = sourcecode.c.h; path = lhash.h; sourceTree = "<group>"; };
		4B69B7E51CE1E92800E832DE /* md4.h */ = {isa = PBXFileReference; fileEncoding = 4; lastKnownFileType = sourcecode.c.h; path = md4.h; sourceTree = "<group>"; };
		4B69B7E61CE1E92800E832DE /* md5.h */ = {isa = PBXFileReference; fileEncoding = 4; lastKnownFileType = sourcecode.c.h; path = md5.h; sourceTree = "<group>"; };
		4B69B7E71CE1E92800E832DE /* mdc2.h */ = {isa = PBXFileReference; fileEncoding = 4; lastKnownFileType = sourcecode.c.h; path = mdc2.h; sourceTree = "<group>"; };
		4B69B7E81CE1E92800E832DE /* modes.h */ = {isa = PBXFileReference; fileEncoding = 4; lastKnownFileType = sourcecode.c.h; path = modes.h; sourceTree = "<group>"; };
		4B69B7E91CE1E92800E832DE /* obj_mac.h */ = {isa = PBXFileReference; fileEncoding = 4; lastKnownFileType = sourcecode.c.h; path = obj_mac.h; sourceTree = "<group>"; };
		4B69B7EA1CE1E92800E832DE /* objects.h */ = {isa = PBXFileReference; fileEncoding = 4; lastKnownFileType = sourcecode.c.h; path = objects.h; sourceTree = "<group>"; };
		4B69B7EB1CE1E92800E832DE /* ocsp.h */ = {isa = PBXFileReference; fileEncoding = 4; lastKnownFileType = sourcecode.c.h; path = ocsp.h; sourceTree = "<group>"; };
		4B69B7EC1CE1E92800E832DE /* opensslconf.h */ = {isa = PBXFileReference; fileEncoding = 4; lastKnownFileType = sourcecode.c.h; path = opensslconf.h; sourceTree = "<group>"; };
		4B69B7ED1CE1E92800E832DE /* opensslv.h */ = {isa = PBXFileReference; fileEncoding = 4; lastKnownFileType = sourcecode.c.h; path = opensslv.h; sourceTree = "<group>"; };
		4B69B7EE1CE1E92800E832DE /* ossl_typ.h */ = {isa = PBXFileReference; fileEncoding = 4; lastKnownFileType = sourcecode.c.h; path = ossl_typ.h; sourceTree = "<group>"; };
		4B69B7EF1CE1E92800E832DE /* pem.h */ = {isa = PBXFileReference; fileEncoding = 4; lastKnownFileType = sourcecode.c.h; path = pem.h; sourceTree = "<group>"; };
		4B69B7F01CE1E92800E832DE /* pem2.h */ = {isa = PBXFileReference; fileEncoding = 4; lastKnownFileType = sourcecode.c.h; path = pem2.h; sourceTree = "<group>"; };
		4B69B7F11CE1E92800E832DE /* pkcs12.h */ = {isa = PBXFileReference; fileEncoding = 4; lastKnownFileType = sourcecode.c.h; path = pkcs12.h; sourceTree = "<group>"; };
		4B69B7F21CE1E92800E832DE /* pkcs7.h */ = {isa = PBXFileReference; fileEncoding = 4; lastKnownFileType = sourcecode.c.h; path = pkcs7.h; sourceTree = "<group>"; };
		4B69B7F31CE1E92800E832DE /* pqueue.h */ = {isa = PBXFileReference; fileEncoding = 4; lastKnownFileType = sourcecode.c.h; path = pqueue.h; sourceTree = "<group>"; };
		4B69B7F41CE1E92800E832DE /* rand.h */ = {isa = PBXFileReference; fileEncoding = 4; lastKnownFileType = sourcecode.c.h; path = rand.h; sourceTree = "<group>"; };
		4B69B7F51CE1E92800E832DE /* rc2.h */ = {isa = PBXFileReference; fileEncoding = 4; lastKnownFileType = sourcecode.c.h; path = rc2.h; sourceTree = "<group>"; };
		4B69B7F61CE1E92800E832DE /* rc4.h */ = {isa = PBXFileReference; fileEncoding = 4; lastKnownFileType = sourcecode.c.h; path = rc4.h; sourceTree = "<group>"; };
		4B69B7F71CE1E92800E832DE /* ripemd.h */ = {isa = PBXFileReference; fileEncoding = 4; lastKnownFileType = sourcecode.c.h; path = ripemd.h; sourceTree = "<group>"; };
		4B69B7F81CE1E92800E832DE /* rsa.h */ = {isa = PBXFileReference; fileEncoding = 4; lastKnownFileType = sourcecode.c.h; path = rsa.h; sourceTree = "<group>"; };
		4B69B7F91CE1E92800E832DE /* safestack.h */ = {isa = PBXFileReference; fileEncoding = 4; lastKnownFileType = sourcecode.c.h; path = safestack.h; sourceTree = "<group>"; };
		4B69B7FA1CE1E92800E832DE /* seed.h */ = {isa = PBXFileReference; fileEncoding = 4; lastKnownFileType = sourcecode.c.h; path = seed.h; sourceTree = "<group>"; };
		4B69B7FB1CE1E92800E832DE /* sha.h */ = {isa = PBXFileReference; fileEncoding = 4; lastKnownFileType = sourcecode.c.h; path = sha.h; sourceTree = "<group>"; };
		4B69B7FC1CE1E92800E832DE /* srp.h */ = {isa = PBXFileReference; fileEncoding = 4; lastKnownFileType = sourcecode.c.h; path = srp.h; sourceTree = "<group>"; };
		4B69B7FD1CE1E92800E832DE /* srtp.h */ = {isa = PBXFileReference; fileEncoding = 4; lastKnownFileType = sourcecode.c.h; path = srtp.h; sourceTree = "<group>"; };
		4B69B7FE1CE1E92800E832DE /* ssl.h */ = {isa = PBXFileReference; fileEncoding = 4; lastKnownFileType = sourcecode.c.h; path = ssl.h; sourceTree = "<group>"; };
		4B69B7FF1CE1E92800E832DE /* ssl2.h */ = {isa = PBXFileReference; fileEncoding = 4; lastKnownFileType = sourcecode.c.h; path = ssl2.h; sourceTree = "<group>"; };
		4B69B8001CE1E92800E832DE /* ssl23.h */ = {isa = PBXFileReference; fileEncoding = 4; lastKnownFileType = sourcecode.c.h; path = ssl23.h; sourceTree = "<group>"; };
		4B69B8011CE1E92800E832DE /* ssl3.h */ = {isa = PBXFileReference; fileEncoding = 4; lastKnownFileType = sourcecode.c.h; path = ssl3.h; sourceTree = "<group>"; };
		4B69B8021CE1E92800E832DE /* stack.h */ = {isa = PBXFileReference; fileEncoding = 4; lastKnownFileType = sourcecode.c.h; path = stack.h; sourceTree = "<group>"; };
		4B69B8031CE1E92800E832DE /* symhacks.h */ = {isa = PBXFileReference; fileEncoding = 4; lastKnownFileType = sourcecode.c.h; path = symhacks.h; sourceTree = "<group>"; };
		4B69B8041CE1E92800E832DE /* tls1.h */ = {isa = PBXFileReference; fileEncoding = 4; lastKnownFileType = sourcecode.c.h; path = tls1.h; sourceTree = "<group>"; };
		4B69B8051CE1E92800E832DE /* ts.h */ = {isa = PBXFileReference; fileEncoding = 4; lastKnownFileType = sourcecode.c.h; path = ts.h; sourceTree = "<group>"; };
		4B69B8061CE1E92800E832DE /* txt_db.h */ = {isa = PBXFileReference; fileEncoding = 4; lastKnownFileType = sourcecode.c.h; path = txt_db.h; sourceTree = "<group>"; };
		4B69B8071CE1E92800E832DE /* ui.h */ = {isa = PBXFileReference; fileEncoding = 4; lastKnownFileType = sourcecode.c.h; path = ui.h; sourceTree = "<group>"; };
		4B69B8081CE1E92800E832DE /* ui_compat.h */ = {isa = PBXFileReference; fileEncoding = 4; lastKnownFileType = sourcecode.c.h; path = ui_compat.h; sourceTree = "<group>"; };
		4B69B8091CE1E92800E832DE /* whrlpool.h */ = {isa = PBXFileReference; fileEncoding = 4; lastKnownFileType = sourcecode.c.h; path = whrlpool.h; sourceTree = "<group>"; };
		4B69B80A1CE1E92800E832DE /* x509.h */ = {isa = PBXFileReference; fileEncoding = 4; lastKnownFileType = sourcecode.c.h; path = x509.h; sourceTree = "<group>"; };
		4B69B80B1CE1E92800E832DE /* x509_vfy.h */ = {isa = PBXFileReference; fileEncoding = 4; lastKnownFileType = sourcecode.c.h; path = x509_vfy.h; sourceTree = "<group>"; };
		4B69B80C1CE1E92800E832DE /* x509v3.h */ = {isa = PBXFileReference; fileEncoding = 4; lastKnownFileType = sourcecode.c.h; path = x509v3.h; sourceTree = "<group>"; };
		4B69B80E1CE1E92800E832DE /* libcrypto.a */ = {isa = PBXFileReference; lastKnownFileType = archive.ar; path = libcrypto.a; sourceTree = "<group>"; };
		4B69B80F1CE1E92800E832DE /* libssl.a */ = {isa = PBXFileReference; lastKnownFileType = archive.ar; path = libssl.a; sourceTree = "<group>"; };
/* End PBXFileReference section */

/* Begin PBXFrameworksBuildPhase section */
		4B69B7991CE1E89700E832DE /* Frameworks */ = {
			isa = PBXFrameworksBuildPhase;
			buildActionMask = 2147483647;
			files = (
				4B69B8171CE1E92800E832DE /* libssl.a in Frameworks */,
				4B69B8161CE1E92800E832DE /* libcrypto.a in Frameworks */,
			);
			runOnlyForDeploymentPostprocessing = 0;
		};
/* End PBXFrameworksBuildPhase section */

/* Begin PBXGroup section */
		4B69B7931CE1E89700E832DE = {
			isa = PBXGroup;
			children = (
				4B69B7B01CE1E92800E832DE /* Class */,
				4B69B7B41CE1E92800E832DE /* RSALibary */,
				4B69B79E1CE1E89700E832DE /* BBRSACryptorXHAdd */,
				4B69B79D1CE1E89700E832DE /* Products */,
			);
			sourceTree = "<group>";
		};
		4B69B79D1CE1E89700E832DE /* Products */ = {
			isa = PBXGroup;
			children = (
				4B69B79C1CE1E89700E832DE /* BBRSACryptorXHAdd.app */,
			);
			name = Products;
			sourceTree = "<group>";
		};
		4B69B79E1CE1E89700E832DE /* BBRSACryptorXHAdd */ = {
			isa = PBXGroup;
			children = (
				4B69B7A21CE1E89700E832DE /* AppDelegate.h */,
				4B69B7A31CE1E89700E832DE /* AppDelegate.m */,
				4B69B7A51CE1E89700E832DE /* Assets.xcassets */,
				4B69B7A71CE1E89700E832DE /* LaunchScreen.storyboard */,
				4B69B7AA1CE1E89700E832DE /* Info.plist */,
				4B69B79F1CE1E89700E832DE /* Supporting Files */,
			);
			path = BBRSACryptorXHAdd;
			sourceTree = "<group>";
		};
		4B69B79F1CE1E89700E832DE /* Supporting Files */ = {
			isa = PBXGroup;
			children = (
				4B69B7A01CE1E89700E832DE /* main.m */,
			);
			name = "Supporting Files";
			sourceTree = "<group>";
		};
		4B69B7B01CE1E92800E832DE /* Class */ = {
			isa = PBXGroup;
			children = (
				4B69B7B11CE1E92800E832DE /* ViewController.h */,
				4B69B7B21CE1E92800E832DE /* ViewController.m */,
				4B69B7B31CE1E92800E832DE /* ViewController.xib */,
			);
			path = Class;
			sourceTree = "<group>";
		};
		4B69B7B41CE1E92800E832DE /* RSALibary */ = {
			isa = PBXGroup;
			children = (
				4B69B7B81CE1E92800E832DE /* BBRSACryptor+XHAdd.h */,
				4B69B7B91CE1E92800E832DE /* BBRSACryptor+XHAdd.m */,
				4B69B7B51CE1E92800E832DE /* BBRSACryptor */,
				4B69B7BA1CE1E92800E832DE /* GTMBase64 */,
				4B69B7BE1CE1E92800E832DE /* OpenSSL */,
			);
			path = RSALibary;
			sourceTree = "<group>";
		};
		4B69B7B51CE1E92800E832DE /* BBRSACryptor */ = {
			isa = PBXGroup;
			children = (
				4B69B7B61CE1E92800E832DE /* BBRSACryptor.h */,
				4B69B7B71CE1E92800E832DE /* BBRSACryptor.m */,
			);
			path = BBRSACryptor;
			sourceTree = "<group>";
		};
		4B69B7BA1CE1E92800E832DE /* GTMBase64 */ = {
			isa = PBXGroup;
			children = (
				4B69B7BB1CE1E92800E832DE /* GTMBase64.h */,
				4B69B7BC1CE1E92800E832DE /* GTMBase64.m */,
				4B69B7BD1CE1E92800E832DE /* GTMDefines.h */,
			);
			path = GTMBase64;
			sourceTree = "<group>";
		};
		4B69B7BE1CE1E92800E832DE /* OpenSSL */ = {
			isa = PBXGroup;
			children = (
				4B69B7BF1CE1E92800E832DE /* include */,
				4B69B80D1CE1E92800E832DE /* lib */,
			);
			path = OpenSSL;
			sourceTree = "<group>";
		};
		4B69B7BF1CE1E92800E832DE /* include */ = {
			isa = PBXGroup;
			children = (
				4B69B7C01CE1E92800E832DE /* LICENSE */,
				4B69B7C11CE1E92800E832DE /* openssl */,
			);
			path = include;
			sourceTree = "<group>";
		};
		4B69B7C11CE1E92800E832DE /* openssl */ = {
			isa = PBXGroup;
			children = (
				4B69B7C21CE1E92800E832DE /* aes.h */,
				4B69B7C31CE1E92800E832DE /* asn1.h */,
				4B69B7C41CE1E92800E832DE /* asn1_mac.h */,
				4B69B7C51CE1E92800E832DE /* asn1t.h */,
				4B69B7C61CE1E92800E832DE /* bio.h */,
				4B69B7C71CE1E92800E832DE /* blowfish.h */,
				4B69B7C81CE1E92800E832DE /* bn.h */,
				4B69B7C91CE1E92800E832DE /* buffer.h */,
				4B69B7CA1CE1E92800E832DE /* camellia.h */,
				4B69B7CB1CE1E92800E832DE /* cast.h */,
				4B69B7CC1CE1E92800E832DE /* cmac.h */,
				4B69B7CD1CE1E92800E832DE /* cms.h */,
				4B69B7CE1CE1E92800E832DE /* comp.h */,
				4B69B7CF1CE1E92800E832DE /* conf.h */,
				4B69B7D01CE1E92800E832DE /* conf_api.h */,
				4B69B7D11CE1E92800E832DE /* crypto.h */,
				4B69B7D21CE1E92800E832DE /* des.h */,
				4B69B7D31CE1E92800E832DE /* des_old.h */,
				4B69B7D41CE1E92800E832DE /* dh.h */,
				4B69B7D51CE1E92800E832DE /* dsa.h */,
				4B69B7D61CE1E92800E832DE /* dso.h */,
				4B69B7D71CE1E92800E832DE /* dtls1.h */,
				4B69B7D81CE1E92800E832DE /* e_os2.h */,
				4B69B7D91CE1E92800E832DE /* ebcdic.h */,
				4B69B7DA1CE1E92800E832DE /* ec.h */,
				4B69B7DB1CE1E92800E832DE /* ecdh.h */,
				4B69B7DC1CE1E92800E832DE /* ecdsa.h */,
				4B69B7DD1CE1E92800E832DE /* engine.h */,
				4B69B7DE1CE1E92800E832DE /* err.h */,
				4B69B7DF1CE1E92800E832DE /* evp.h */,
				4B69B7E01CE1E92800E832DE /* hmac.h */,
				4B69B7E11CE1E92800E832DE /* idea.h */,
				4B69B7E21CE1E92800E832DE /* krb5_asn.h */,
				4B69B7E31CE1E92800E832DE /* kssl.h */,
				4B69B7E41CE1E92800E832DE /* lhash.h */,
				4B69B7E51CE1E92800E832DE /* md4.h */,
				4B69B7E61CE1E92800E832DE /* md5.h */,
				4B69B7E71CE1E92800E832DE /* mdc2.h */,
				4B69B7E81CE1E92800E832DE /* modes.h */,
				4B69B7E91CE1E92800E832DE /* obj_mac.h */,
				4B69B7EA1CE1E92800E832DE /* objects.h */,
				4B69B7EB1CE1E92800E832DE /* ocsp.h */,
				4B69B7EC1CE1E92800E832DE /* opensslconf.h */,
				4B69B7ED1CE1E92800E832DE /* opensslv.h */,
				4B69B7EE1CE1E92800E832DE /* ossl_typ.h */,
				4B69B7EF1CE1E92800E832DE /* pem.h */,
				4B69B7F01CE1E92800E832DE /* pem2.h */,
				4B69B7F11CE1E92800E832DE /* pkcs12.h */,
				4B69B7F21CE1E92800E832DE /* pkcs7.h */,
				4B69B7F31CE1E92800E832DE /* pqueue.h */,
				4B69B7F41CE1E92800E832DE /* rand.h */,
				4B69B7F51CE1E92800E832DE /* rc2.h */,
				4B69B7F61CE1E92800E832DE /* rc4.h */,
				4B69B7F71CE1E92800E832DE /* ripemd.h */,
				4B69B7F81CE1E92800E832DE /* rsa.h */,
				4B69B7F91CE1E92800E832DE /* safestack.h */,
				4B69B7FA1CE1E92800E832DE /* seed.h */,
				4B69B7FB1CE1E92800E832DE /* sha.h */,
				4B69B7FC1CE1E92800E832DE /* srp.h */,
				4B69B7FD1CE1E92800E832DE /* srtp.h */,
				4B69B7FE1CE1E92800E832DE /* ssl.h */,
				4B69B7FF1CE1E92800E832DE /* ssl2.h */,
				4B69B8001CE1E92800E832DE /* ssl23.h */,
				4B69B8011CE1E92800E832DE /* ssl3.h */,
				4B69B8021CE1E92800E832DE /* stack.h */,
				4B69B8031CE1E92800E832DE /* symhacks.h */,
				4B69B8041CE1E92800E832DE /* tls1.h */,
				4B69B8051CE1E92800E832DE /* ts.h */,
				4B69B8061CE1E92800E832DE /* txt_db.h */,
				4B69B8071CE1E92800E832DE /* ui.h */,
				4B69B8081CE1E92800E832DE /* ui_compat.h */,
				4B69B8091CE1E92800E832DE /* whrlpool.h */,
				4B69B80A1CE1E92800E832DE /* x509.h */,
				4B69B80B1CE1E92800E832DE /* x509_vfy.h */,
				4B69B80C1CE1E92800E832DE /* x509v3.h */,
			);
			path = openssl;
			sourceTree = "<group>";
		};
		4B69B80D1CE1E92800E832DE /* lib */ = {
			isa = PBXGroup;
			children = (
				4B69B80E1CE1E92800E832DE /* libcrypto.a */,
				4B69B80F1CE1E92800E832DE /* libssl.a */,
			);
			path = lib;
			sourceTree = "<group>";
		};
/* End PBXGroup section */

/* Begin PBXNativeTarget section */
		4B69B79B1CE1E89700E832DE /* BBRSACryptorXHAdd */ = {
			isa = PBXNativeTarget;
			buildConfigurationList = 4B69B7AD1CE1E89700E832DE /* Build configuration list for PBXNativeTarget "BBRSACryptorXHAdd" */;
			buildPhases = (
				4B69B7981CE1E89700E832DE /* Sources */,
				4B69B7991CE1E89700E832DE /* Frameworks */,
				4B69B79A1CE1E89700E832DE /* Resources */,
			);
			buildRules = (
			);
			dependencies = (
			);
			name = BBRSACryptorXHAdd;
			productName = "BBRSACryptor+XHCategory";
			productReference = 4B69B79C1CE1E89700E832DE /* BBRSACryptorXHAdd.app */;
			productType = "com.apple.product-type.application";
		};
/* End PBXNativeTarget section */

/* Begin PBXProject section */
		4B69B7941CE1E89700E832DE /* Project object */ = {
			isa = PBXProject;
			attributes = {
				LastUpgradeCheck = 0730;
				ORGANIZATIONNAME = qiantou;
				TargetAttributes = {
					4B69B79B1CE1E89700E832DE = {
						CreatedOnToolsVersion = 7.3;
					};
				};
			};
			buildConfigurationList = 4B69B7971CE1E89700E832DE /* Build configuration list for PBXProject "BBRSACryptorXHAdd" */;
			compatibilityVersion = "Xcode 3.2";
			developmentRegion = English;
			hasScannedForEncodings = 0;
			knownRegions = (
				en,
				Base,
			);
			mainGroup = 4B69B7931CE1E89700E832DE;
			productRefGroup = 4B69B79D1CE1E89700E832DE /* Products */;
			projectDirPath = "";
			projectRoot = "";
			targets = (
				4B69B79B1CE1E89700E832DE /* BBRSACryptorXHAdd */,
			);
		};
/* End PBXProject section */

/* Begin PBXResourcesBuildPhase section */
		4B69B79A1CE1E89700E832DE /* Resources */ = {
			isa = PBXResourcesBuildPhase;
			buildActionMask = 2147483647;
			files = (
				4B69B7A61CE1E89700E832DE /* Assets.xcassets in Resources */,
				4B69B8111CE1E92800E832DE /* ViewController.xib in Resources */,
				4B69B8151CE1E92800E832DE /* LICENSE in Resources */,
				4B69B7A91CE1E89700E832DE /* LaunchScreen.storyboard in Resources */,
			);
			runOnlyForDeploymentPostprocessing = 0;
		};
/* End PBXResourcesBuildPhase section */

/* Begin PBXSourcesBuildPhase section */
		4B69B7981CE1E89700E832DE /* Sources */ = {
			isa = PBXSourcesBuildPhase;
			buildActionMask = 2147483647;
			files = (
				4B69B8101CE1E92800E832DE /* ViewController.m in Sources */,
				4B69B8141CE1E92800E832DE /* GTMBase64.m in Sources */,
				4B69B8131CE1E92800E832DE /* BBRSACryptor+XHAdd.m in Sources */,
				4B69B7A41CE1E89700E832DE /* AppDelegate.m in Sources */,
				4B69B8121CE1E92800E832DE /* BBRSACryptor.m in Sources */,
				4B69B7A11CE1E89700E832DE /* main.m in Sources */,
			);
			runOnlyForDeploymentPostprocessing = 0;
		};
/* End PBXSourcesBuildPhase section */

/* Begin PBXVariantGroup section */
		4B69B7A71CE1E89700E832DE /* LaunchScreen.storyboard */ = {
			isa = PBXVariantGroup;
			children = (
				4B69B7A81CE1E89700E832DE /* Base */,
			);
			name = LaunchScreen.storyboard;
			sourceTree = "<group>";
		};
/* End PBXVariantGroup section */

/* Begin XCBuildConfiguration section */
		4B69B7AB1CE1E89700E832DE /* Debug */ = {
			isa = XCBuildConfiguration;
			buildSettings = {
				ALWAYS_SEARCH_USER_PATHS = NO;
				CLANG_ANALYZER_NONNULL = YES;
				CLANG_CXX_LANGUAGE_STANDARD = "gnu++0x";
				CLANG_CXX_LIBRARY = "libc++";
				CLANG_ENABLE_MODULES = YES;
				CLANG_ENABLE_OBJC_ARC = YES;
				CLANG_WARN_BOOL_CONVERSION = YES;
				CLANG_WARN_CONSTANT_CONVERSION = YES;
				CLANG_WARN_DIRECT_OBJC_ISA_USAGE = YES_ERROR;
				CLANG_WARN_EMPTY_BODY = YES;
				CLANG_WARN_ENUM_CONVERSION = YES;
				CLANG_WARN_INT_CONVERSION = YES;
				CLANG_WARN_OBJC_ROOT_CLASS = YES_ERROR;
				CLANG_WARN_UNREACHABLE_CODE = YES;
				CLANG_WARN__DUPLICATE_METHOD_MATCH = YES;
				"CODE_SIGN_IDENTITY[sdk=iphoneos*]" = "iPhone Developer";
				COPY_PHASE_STRIP = NO;
				DEBUG_INFORMATION_FORMAT = dwarf;
				ENABLE_STRICT_OBJC_MSGSEND = YES;
				ENABLE_TESTABILITY = YES;
				GCC_C_LANGUAGE_STANDARD = gnu99;
				GCC_DYNAMIC_NO_PIC = NO;
				GCC_NO_COMMON_BLOCKS = YES;
				GCC_OPTIMIZATION_LEVEL = 0;
				GCC_PREPROCESSOR_DEFINITIONS = (
					"DEBUG=1",
					"$(inherited)",
				);
				GCC_WARN_64_TO_32_BIT_CONVERSION = YES;
				GCC_WARN_ABOUT_RETURN_TYPE = YES_ERROR;
				GCC_WARN_UNDECLARED_SELECTOR = YES;
				GCC_WARN_UNINITIALIZED_AUTOS = YES_AGGRESSIVE;
				GCC_WARN_UNUSED_FUNCTION = YES;
				GCC_WARN_UNUSED_VARIABLE = YES;
				IPHONEOS_DEPLOYMENT_TARGET = 7.0;
				MTL_ENABLE_DEBUG_INFO = YES;
				ONLY_ACTIVE_ARCH = YES;
				SDKROOT = iphoneos;
			};
			name = Debug;
		};
		4B69B7AC1CE1E89700E832DE /* Release */ = {
			isa = XCBuildConfiguration;
			buildSettings = {
				ALWAYS_SEARCH_USER_PATHS = NO;
				CLANG_ANALYZER_NONNULL = YES;
				CLANG_CXX_LANGUAGE_STANDARD = "gnu++0x";
				CLANG_CXX_LIBRARY = "libc++";
				CLANG_ENABLE_MODULES = YES;
				CLANG_ENABLE_OBJC_ARC = YES;
				CLANG_WARN_BOOL_CONVERSION = YES;
				CLANG_WARN_CONSTANT_CONVERSION = YES;
				CLANG_WARN_DIRECT_OBJC_ISA_USAGE = YES_ERROR;
				CLANG_WARN_EMPTY_BODY = YES;
				CLANG_WARN_ENUM_CONVERSION = YES;
				CLANG_WARN_INT_CONVERSION = YES;
				CLANG_WARN_OBJC_ROOT_CLASS = YES_ERROR;
				CLANG_WARN_UNREACHABLE_CODE = YES;
				CLANG_WARN__DUPLICATE_METHOD_MATCH = YES;
				"CODE_SIGN_IDENTITY[sdk=iphoneos*]" = "iPhone Developer";
				COPY_PHASE_STRIP = NO;
				DEBUG_INFORMATION_FORMAT = "dwarf-with-dsym";
				ENABLE_NS_ASSERTIONS = NO;
				ENABLE_STRICT_OBJC_MSGSEND = YES;
				GCC_C_LANGUAGE_STANDARD = gnu99;
				GCC_NO_COMMON_BLOCKS = YES;
				GCC_WARN_64_TO_32_BIT_CONVERSION = YES;
				GCC_WARN_ABOUT_RETURN_TYPE = YES_ERROR;
				GCC_WARN_UNDECLARED_SELECTOR = YES;
				GCC_WARN_UNINITIALIZED_AUTOS = YES_AGGRESSIVE;
				GCC_WARN_UNUSED_FUNCTION = YES;
				GCC_WARN_UNUSED_VARIABLE = YES;
				IPHONEOS_DEPLOYMENT_TARGET = 7.0;
				MTL_ENABLE_DEBUG_INFO = NO;
				SDKROOT = iphoneos;
				VALIDATE_PRODUCT = YES;
			};
			name = Release;
		};
		4B69B7AE1CE1E89700E832DE /* Debug */ = {
			isa = XCBuildConfiguration;
			buildSettings = {
				ASSETCATALOG_COMPILER_APPICON_NAME = AppIcon;
				HEADER_SEARCH_PATHS = ./RSALibary/OpenSSL/include;
				INFOPLIST_FILE = BBRSACryptorXHAdd/Info.plist;
				LD_RUNPATH_SEARCH_PATHS = "$(inherited) @executable_path/Frameworks";
				LIBRARY_SEARCH_PATHS = (
					"$(inherited)",
					"$(PROJECT_DIR)/RSALibary/OpenSSL/lib",
				);
				PRODUCT_BUNDLE_IDENTIFIER = qiantou.BBRSACryptorXHAdd;
				PRODUCT_NAME = BBRSACryptorXHAdd;
			};
			name = Debug;
		};
		4B69B7AF1CE1E89700E832DE /* Release */ = {
			isa = XCBuildConfiguration;
			buildSettings = {
				ASSETCATALOG_COMPILER_APPICON_NAME = AppIcon;
				HEADER_SEARCH_PATHS = ./RSALibary/OpenSSL/include;
				INFOPLIST_FILE = BBRSACryptorXHAdd/Info.plist;
				LD_RUNPATH_SEARCH_PATHS = "$(inherited) @executable_path/Frameworks";
				LIBRARY_SEARCH_PATHS = (
					"$(inherited)",
					"$(PROJECT_DIR)/RSALibary/OpenSSL/lib",
				);
				PRODUCT_BUNDLE_IDENTIFIER = qiantou.BBRSACryptorXHAdd;
				PRODUCT_NAME = BBRSACryptorXHAdd;
			};
			name = Release;
		};
/* End XCBuildConfiguration section */

/* Begin XCConfigurationList section */
		4B69B7971CE1E89700E832DE /* Build configuration list for PBXProject "BBRSACryptorXHAdd" */ = {
			isa = XCConfigurationList;
			buildConfigurations = (
				4B69B7AB1CE1E89700E832DE /* Debug */,
				4B69B7AC1CE1E89700E832DE /* Release */,
			);
			defaultConfigurationIsVisible = 0;
			defaultConfigurationName = Release;
		};
		4B69B7AD1CE1E89700E832DE /* Build configuration list for PBXNativeTarget "BBRSACryptorXHAdd" */ = {
			isa = XCConfigurationList;
			buildConfigurations = (
				4B69B7AE1CE1E89700E832DE /* Debug */,
				4B69B7AF1CE1E89700E832DE /* Release */,
			);
			defaultConfigurationIsVisible = 0;
			defaultConfigurationName = Release;
		};
/* End XCConfigurationList section */
	};
	rootObject = 4B69B7941CE1E89700E832DE /* Project object */;
}
